// !$*UTF8*$!
{
	archiveVersion = 1;
	classes = {
	};
	objectVersion = 55;
	objects = {

/* Begin PBXBuildFile section */
		F53AFF9228AF5F1500B5AE62 /* AppDelegate.swift in Sources */ = {isa = PBXBuildFile; fileRef = F53AFF9128AF5F1500B5AE62 /* AppDelegate.swift */; };
		F53AFF9428AF5F1500B5AE62 /* SceneDelegate.swift in Sources */ = {isa = PBXBuildFile; fileRef = F53AFF9328AF5F1500B5AE62 /* SceneDelegate.swift */; };
		F53AFF9628AF5F1500B5AE62 /* ViewController.swift in Sources */ = {isa = PBXBuildFile; fileRef = F53AFF9528AF5F1500B5AE62 /* ViewController.swift */; };
		F53AFF9928AF5F1500B5AE62 /* Main.storyboard in Resources */ = {isa = PBXBuildFile; fileRef = F53AFF9728AF5F1500B5AE62 /* Main.storyboard */; };
		F53AFF9B28AF5F1600B5AE62 /* Assets.xcassets in Resources */ = {isa = PBXBuildFile; fileRef = F53AFF9A28AF5F1600B5AE62 /* Assets.xcassets */; };
		F53AFF9E28AF5F1600B5AE62 /* LaunchScreen.storyboard in Resources */ = {isa = PBXBuildFile; fileRef = F53AFF9C28AF5F1600B5AE62 /* LaunchScreen.storyboard */; };
		F53AFFA928AF5F1600B5AE62 /* GsyGitPullRequestProjectTests.swift in Sources */ = {isa = PBXBuildFile; fileRef = F53AFFA828AF5F1600B5AE62 /* GsyGitPullRequestProjectTests.swift */; };
		F53AFFB328AF5F1600B5AE62 /* GsyGitPullRequestProjectUITests.swift in Sources */ = {isa = PBXBuildFile; fileRef = F53AFFB228AF5F1600B5AE62 /* GsyGitPullRequestProjectUITests.swift */; };
		F53AFFB528AF5F1600B5AE62 /* GsyGitPullRequestProjectUITestsLaunchTests.swift in Sources */ = {isa = PBXBuildFile; fileRef = F53AFFB428AF5F1600B5AE62 /* GsyGitPullRequestProjectUITestsLaunchTests.swift */; };
/* End PBXBuildFile section */

/* Begin PBXContainerItemProxy section */
		F53AFFA528AF5F1600B5AE62 /* PBXContainerItemProxy */ = {
			isa = PBXContainerItemProxy;
			containerPortal = F53AFF8628AF5F1500B5AE62 /* Project object */;
			proxyType = 1;
			remoteGlobalIDString = F53AFF8D28AF5F1500B5AE62;
			remoteInfo = GsyGitPullRequestProject;
		};
		F53AFFAF28AF5F1600B5AE62 /* PBXContainerItemProxy */ = {
			isa = PBXContainerItemProxy;
			containerPortal = F53AFF8628AF5F1500B5AE62 /* Project object */;
			proxyType = 1;
			remoteGlobalIDString = F53AFF8D28AF5F1500B5AE62;
			remoteInfo = GsyGitPullRequestProject;
		};
/* End PBXContainerItemProxy section */

/* Begin PBXFileReference section */
		F53AFF8E28AF5F1500B5AE62 /* GsyGitPullRequestProject.app */ = {isa = PBXFileReference; explicitFileType = wrapper.application; includeInIndex = 0; path = GsyGitPullRequestProject.app; sourceTree = BUILT_PRODUCTS_DIR; };
		F53AFF9128AF5F1500B5AE62 /* AppDelegate.swift */ = {isa = PBXFileReference; lastKnownFileType = sourcecode.swift; path = AppDelegate.swift; sourceTree = "<group>"; };
		F53AFF9328AF5F1500B5AE62 /* SceneDelegate.swift */ = {isa = PBXFileReference; lastKnownFileType = sourcecode.swift; path = SceneDelegate.swift; sourceTree = "<group>"; };
		F53AFF9528AF5F1500B5AE62 /* ViewController.swift */ = {isa = PBXFileReference; lastKnownFileType = sourcecode.swift; path = ViewController.swift; sourceTree = "<group>"; };
		F53AFF9828AF5F1500B5AE62 /* Base */ = {isa = PBXFileReference; lastKnownFileType = file.storyboard; name = Base; path = Base.lproj/Main.storyboard; sourceTree = "<group>"; };
		F53AFF9A28AF5F1600B5AE62 /* Assets.xcassets */ = {isa = PBXFileReference; lastKnownFileType = folder.assetcatalog; path = Assets.xcassets; sourceTree = "<group>"; };
		F53AFF9D28AF5F1600B5AE62 /* Base */ = {isa = PBXFileReference; lastKnownFileType = file.storyboard; name = Base; path = Base.lproj/LaunchScreen.storyboard; sourceTree = "<group>"; };
		F53AFF9F28AF5F1600B5AE62 /* Info.plist */ = {isa = PBXFileReference; lastKnownFileType = text.plist.xml; path = Info.plist; sourceTree = "<group>"; };
		F53AFFA428AF5F1600B5AE62 /* GsyGitPullRequestProjectTests.xctest */ = {isa = PBXFileReference; explicitFileType = wrapper.cfbundle; includeInIndex = 0; path = GsyGitPullRequestProjectTests.xctest; sourceTree = BUILT_PRODUCTS_DIR; };
		F53AFFA828AF5F1600B5AE62 /* GsyGitPullRequestProjectTests.swift */ = {isa = PBXFileReference; lastKnownFileType = sourcecode.swift; path = GsyGitPullRequestProjectTests.swift; sourceTree = "<group>"; };
		F53AFFAE28AF5F1600B5AE62 /* GsyGitPullRequestProjectUITests.xctest */ = {isa = PBXFileReference; explicitFileType = wrapper.cfbundle; includeInIndex = 0; path = GsyGitPullRequestProjectUITests.xctest; sourceTree = BUILT_PRODUCTS_DIR; };
		F53AFFB228AF5F1600B5AE62 /* GsyGitPullRequestProjectUITests.swift */ = {isa = PBXFileReference; lastKnownFileType = sourcecode.swift; path = GsyGitPullRequestProjectUITests.swift; sourceTree = "<group>"; };
		F53AFFB428AF5F1600B5AE62 /* GsyGitPullRequestProjectUITestsLaunchTests.swift */ = {isa = PBXFileReference; lastKnownFileType = sourcecode.swift; path = GsyGitPullRequestProjectUITestsLaunchTests.swift; sourceTree = "<group>"; };
/* End PBXFileReference section */

/* Begin PBXFrameworksBuildPhase section */
		F53AFF8B28AF5F1500B5AE62 /* Frameworks */ = {
			isa = PBXFrameworksBuildPhase;
			buildActionMask = 2147483647;
			files = (
			);
			runOnlyForDeploymentPostprocessing = 0;
		};
		F53AFFA128AF5F1600B5AE62 /* Frameworks */ = {
			isa = PBXFrameworksBuildPhase;
			buildActionMask = 2147483647;
			files = (
			);
			runOnlyForDeploymentPostprocessing = 0;
		};
		F53AFFAB28AF5F1600B5AE62 /* Frameworks */ = {
			isa = PBXFrameworksBuildPhase;
			buildActionMask = 2147483647;
			files = (
			);
			runOnlyForDeploymentPostprocessing = 0;
		};
/* End PBXFrameworksBuildPhase section */

/* Begin PBXGroup section */
		F53AFF8528AF5F1500B5AE62 = {
			isa = PBXGroup;
			children = (
				F53AFF9028AF5F1500B5AE62 /* GsyGitPullRequestProject */,
				F53AFFA728AF5F1600B5AE62 /* GsyGitPullRequestProjectTests */,
				F53AFFB128AF5F1600B5AE62 /* GsyGitPullRequestProjectUITests */,
				F53AFF8F28AF5F1500B5AE62 /* Products */,
			);
			sourceTree = "<group>";
		};
		F53AFF8F28AF5F1500B5AE62 /* Products */ = {
			isa = PBXGroup;
			children = (
				F53AFF8E28AF5F1500B5AE62 /* GsyGitPullRequestProject.app */,
				F53AFFA428AF5F1600B5AE62 /* GsyGitPullRequestProjectTests.xctest */,
				F53AFFAE28AF5F1600B5AE62 /* GsyGitPullRequestProjectUITests.xctest */,
			);
			name = Products;
			sourceTree = "<group>";
		};
		F53AFF9028AF5F1500B5AE62 /* GsyGitPullRequestProject */ = {
			isa = PBXGroup;
			children = (
				F53AFF9128AF5F1500B5AE62 /* AppDelegate.swift */,
				F53AFF9328AF5F1500B5AE62 /* SceneDelegate.swift */,
				F53AFF9528AF5F1500B5AE62 /* ViewController.swift */,
				F53AFF9728AF5F1500B5AE62 /* Main.storyboard */,
				F53AFF9A28AF5F1600B5AE62 /* Assets.xcassets */,
				F53AFF9C28AF5F1600B5AE62 /* LaunchScreen.storyboard */,
				F53AFF9F28AF5F1600B5AE62 /* Info.plist */,
			);
			path = GsyGitPullRequestProject;
			sourceTree = "<group>";
		};
		F53AFFA728AF5F1600B5AE62 /* GsyGitPullRequestProjectTests */ = {
			isa = PBXGroup;
			children = (
				F53AFFA828AF5F1600B5AE62 /* GsyGitPullRequestProjectTests.swift */,
			);
			path = GsyGitPullRequestProjectTests;
			sourceTree = "<group>";
		};
		F53AFFB128AF5F1600B5AE62 /* GsyGitPullRequestProjectUITests */ = {
			isa = PBXGroup;
			children = (
				F53AFFB228AF5F1600B5AE62 /* GsyGitPullRequestProjectUITests.swift */,
				F53AFFB428AF5F1600B5AE62 /* GsyGitPullRequestProjectUITestsLaunchTests.swift */,
			);
			path = GsyGitPullRequestProjectUITests;
			sourceTree = "<group>";
		};
/* End PBXGroup section */

/* Begin PBXNativeTarget section */
		F53AFF8D28AF5F1500B5AE62 /* GsyGitPullRequestProject */ = {
			isa = PBXNativeTarget;
			buildConfigurationList = F53AFFB828AF5F1600B5AE62 /* Build configuration list for PBXNativeTarget "GsyGitPullRequestProject" */;
			buildPhases = (
				F53AFF8A28AF5F1500B5AE62 /* Sources */,
				F53AFF8B28AF5F1500B5AE62 /* Frameworks */,
				F53AFF8C28AF5F1500B5AE62 /* Resources */,
			);
			buildRules = (
			);
			dependencies = (
			);
			name = GsyGitPullRequestProject;
			productName = GsyGitPullRequestProject;
			productReference = F53AFF8E28AF5F1500B5AE62 /* GsyGitPullRequestProject.app */;
			productType = "com.apple.product-type.application";
		};
		F53AFFA328AF5F1600B5AE62 /* GsyGitPullRequestProjectTests */ = {
			isa = PBXNativeTarget;
			buildConfigurationList = F53AFFBB28AF5F1600B5AE62 /* Build configuration list for PBXNativeTarget "GsyGitPullRequestProjectTests" */;
			buildPhases = (
				F53AFFA028AF5F1600B5AE62 /* Sources */,
				F53AFFA128AF5F1600B5AE62 /* Frameworks */,
				F53AFFA228AF5F1600B5AE62 /* Resources */,
			);
			buildRules = (
			);
			dependencies = (
				F53AFFA628AF5F1600B5AE62 /* PBXTargetDependency */,
			);
			name = GsyGitPullRequestProjectTests;
			productName = GsyGitPullRequestProjectTests;
			productReference = F53AFFA428AF5F1600B5AE62 /* GsyGitPullRequestProjectTests.xctest */;
			productType = "com.apple.product-type.bundle.unit-test";
		};
		F53AFFAD28AF5F1600B5AE62 /* GsyGitPullRequestProjectUITests */ = {
			isa = PBXNativeTarget;
			buildConfigurationList = F53AFFBE28AF5F1600B5AE62 /* Build configuration list for PBXNativeTarget "GsyGitPullRequestProjectUITests" */;
			buildPhases = (
				F53AFFAA28AF5F1600B5AE62 /* Sources */,
				F53AFFAB28AF5F1600B5AE62 /* Frameworks */,
				F53AFFAC28AF5F1600B5AE62 /* Resources */,
			);
			buildRules = (
			);
			dependencies = (
				F53AFFB028AF5F1600B5AE62 /* PBXTargetDependency */,
			);
			name = GsyGitPullRequestProjectUITests;
			productName = GsyGitPullRequestProjectUITests;
			productReference = F53AFFAE28AF5F1600B5AE62 /* GsyGitPullRequestProjectUITests.xctest */;
			productType = "com.apple.product-type.bundle.ui-testing";
		};
/* End PBXNativeTarget section */

/* Begin PBXProject section */
		F53AFF8628AF5F1500B5AE62 /* Project object */ = {
			isa = PBXProject;
			attributes = {
				BuildIndependentTargetsInParallel = 1;
				LastSwiftUpdateCheck = 1340;
				LastUpgradeCheck = 1340;
				TargetAttributes = {
					F53AFF8D28AF5F1500B5AE62 = {
						CreatedOnToolsVersion = 13.4.1;
					};
					F53AFFA328AF5F1600B5AE62 = {
						CreatedOnToolsVersion = 13.4.1;
						TestTargetID = F53AFF8D28AF5F1500B5AE62;
					};
					F53AFFAD28AF5F1600B5AE62 = {
						CreatedOnToolsVersion = 13.4.1;
						TestTargetID = F53AFF8D28AF5F1500B5AE62;
					};
				};
			};
			buildConfigurationList = F53AFF8928AF5F1500B5AE62 /* Build configuration list for PBXProject "GsyGitPullRequestProject" */;
			compatibilityVersion = "Xcode 13.0";
			developmentRegion = en;
			hasScannedForEncodings = 0;
			knownRegions = (
				en,
				Base,
			);
			mainGroup = F53AFF8528AF5F1500B5AE62;
			productRefGroup = F53AFF8F28AF5F1500B5AE62 /* Products */;
			projectDirPath = "";
			projectRoot = "";
			targets = (
				F53AFF8D28AF5F1500B5AE62 /* GsyGitPullRequestProject */,
				F53AFFA328AF5F1600B5AE62 /* GsyGitPullRequestProjectTests */,
				F53AFFAD28AF5F1600B5AE62 /* GsyGitPullRequestProjectUITests */,
			);
		};
/* End PBXProject section */

/* Begin PBXResourcesBuildPhase section */
		F53AFF8C28AF5F1500B5AE62 /* Resources */ = {
			isa = PBXResourcesBuildPhase;
			buildActionMask = 2147483647;
			files = (
				F53AFF9E28AF5F1600B5AE62 /* LaunchScreen.storyboard in Resources */,
				F53AFF9B28AF5F1600B5AE62 /* Assets.xcassets in Resources */,
				F53AFF9928AF5F1500B5AE62 /* Main.storyboard in Resources */,
			);
			runOnlyForDeploymentPostprocessing = 0;
		};
		F53AFFA228AF5F1600B5AE62 /* Resources */ = {
			isa = PBXResourcesBuildPhase;
			buildActionMask = 2147483647;
			files = (
			);
			runOnlyForDeploymentPostprocessing = 0;
		};
		F53AFFAC28AF5F1600B5AE62 /* Resources */ = {
			isa = PBXResourcesBuildPhase;
			buildActionMask = 2147483647;
			files = (
			);
			runOnlyForDeploymentPostprocessing = 0;
		};
/* End PBXResourcesBuildPhase section */

/* Begin PBXSourcesBuildPhase section */
		F53AFF8A28AF5F1500B5AE62 /* Sources */ = {
			isa = PBXSourcesBuildPhase;
			buildActionMask = 2147483647;
			files = (
				F53AFF9628AF5F1500B5AE62 /* ViewController.swift in Sources */,
				F53AFF9228AF5F1500B5AE62 /* AppDelegate.swift in Sources */,
				F53AFF9428AF5F1500B5AE62 /* SceneDelegate.swift in Sources */,
			);
			runOnlyForDeploymentPostprocessing = 0;
		};
		F53AFFA028AF5F1600B5AE62 /* Sources */ = {
			isa = PBXSourcesBuildPhase;
			buildActionMask = 2147483647;
			files = (
				F53AFFA928AF5F1600B5AE62 /* GsyGitPullRequestProjectTests.swift in Sources */,
			);
			runOnlyForDeploymentPostprocessing = 0;
		};
		F53AFFAA28AF5F1600B5AE62 /* Sources */ = {
			isa = PBXSourcesBuildPhase;
			buildActionMask = 2147483647;
			files = (
				F53AFFB528AF5F1600B5AE62 /* GsyGitPullRequestProjectUITestsLaunchTests.swift in Sources */,
				F53AFFB328AF5F1600B5AE62 /* GsyGitPullRequestProjectUITests.swift in Sources */,
			);
			runOnlyForDeploymentPostprocessing = 0;
		};
/* End PBXSourcesBuildPhase section */

/* Begin PBXTargetDependency section */
		F53AFFA628AF5F1600B5AE62 /* PBXTargetDependency */ = {
			isa = PBXTargetDependency;
			target = F53AFF8D28AF5F1500B5AE62 /* GsyGitPullRequestProject */;
			targetProxy = F53AFFA528AF5F1600B5AE62 /* PBXContainerItemProxy */;
		};
		F53AFFB028AF5F1600B5AE62 /* PBXTargetDependency */ = {
			isa = PBXTargetDependency;
			target = F53AFF8D28AF5F1500B5AE62 /* GsyGitPullRequestProject */;
			targetProxy = F53AFFAF28AF5F1600B5AE62 /* PBXContainerItemProxy */;
		};
/* End PBXTargetDependency section */

/* Begin PBXVariantGroup section */
		F53AFF9728AF5F1500B5AE62 /* Main.storyboard */ = {
			isa = PBXVariantGroup;
			children = (
				F53AFF9828AF5F1500B5AE62 /* Base */,
			);
			name = Main.storyboard;
			sourceTree = "<group>";
		};
		F53AFF9C28AF5F1600B5AE62 /* LaunchScreen.storyboard */ = {
			isa = PBXVariantGroup;
			children = (
				F53AFF9D28AF5F1600B5AE62 /* Base */,
			);
			name = LaunchScreen.storyboard;
			sourceTree = "<group>";
		};
/* End PBXVariantGroup section */

/* Begin XCBuildConfiguration section */
		F53AFFB628AF5F1600B5AE62 /* Debug */ = {
			isa = XCBuildConfiguration;
			buildSettings = {
				ALWAYS_SEARCH_USER_PATHS = NO;
				CLANG_ANALYZER_NONNULL = YES;
				CLANG_ANALYZER_NUMBER_OBJECT_CONVERSION = YES_AGGRESSIVE;
				CLANG_CXX_LANGUAGE_STANDARD = "gnu++17";
				CLANG_ENABLE_MODULES = YES;
				CLANG_ENABLE_OBJC_ARC = YES;
				CLANG_ENABLE_OBJC_WEAK = YES;
				CLANG_WARN_BLOCK_CAPTURE_AUTORELEASING = YES;
				CLANG_WARN_BOOL_CONVERSION = YES;
				CLANG_WARN_COMMA = YES;
				CLANG_WARN_CONSTANT_CONVERSION = YES;
				CLANG_WARN_DEPRECATED_OBJC_IMPLEMENTATIONS = YES;
				CLANG_WARN_DIRECT_OBJC_ISA_USAGE = YES_ERROR;
				CLANG_WARN_DOCUMENTATION_COMMENTS = YES;
				CLANG_WARN_EMPTY_BODY = YES;
				CLANG_WARN_ENUM_CONVERSION = YES;
				CLANG_WARN_INFINITE_RECURSION = YES;
				CLANG_WARN_INT_CONVERSION = YES;
				CLANG_WARN_NON_LITERAL_NULL_CONVERSION = YES;
				CLANG_WARN_OBJC_IMPLICIT_RETAIN_SELF = YES;
				CLANG_WARN_OBJC_LITERAL_CONVERSION = YES;
				CLANG_WARN_OBJC_ROOT_CLASS = YES_ERROR;
				CLANG_WARN_QUOTED_INCLUDE_IN_FRAMEWORK_HEADER = YES;
				CLANG_WARN_RANGE_LOOP_ANALYSIS = YES;
				CLANG_WARN_STRICT_PROTOTYPES = YES;
				CLANG_WARN_SUSPICIOUS_MOVE = YES;
				CLANG_WARN_UNGUARDED_AVAILABILITY = YES_AGGRESSIVE;
				CLANG_WARN_UNREACHABLE_CODE = YES;
				CLANG_WARN__DUPLICATE_METHOD_MATCH = YES;
				COPY_PHASE_STRIP = NO;
				DEBUG_INFORMATION_FORMAT = dwarf;
				ENABLE_STRICT_OBJC_MSGSEND = YES;
				ENABLE_TESTABILITY = YES;
				GCC_C_LANGUAGE_STANDARD = gnu11;
				GCC_DYNAMIC_NO_PIC = NO;
				GCC_NO_COMMON_BLOCKS = YES;
				GCC_OPTIMIZATION_LEVEL = 0;
				GCC_PREPROCESSOR_DEFINITIONS = (
					"DEBUG=1",
					"$(inherited)",
				);
				GCC_WARN_64_TO_32_BIT_CONVERSION = YES;
				GCC_WARN_ABOUT_RETURN_TYPE = YES_ERROR;
				GCC_WARN_UNDECLARED_SELECTOR = YES;
				GCC_WARN_UNINITIALIZED_AUTOS = YES_AGGRESSIVE;
				GCC_WARN_UNUSED_FUNCTION = YES;
				GCC_WARN_UNUSED_VARIABLE = YES;
				IPHONEOS_DEPLOYMENT_TARGET = 15.5;
				MTL_ENABLE_DEBUG_INFO = INCLUDE_SOURCE;
				MTL_FAST_MATH = YES;
				ONLY_ACTIVE_ARCH = YES;
				SDKROOT = iphoneos;
				SWIFT_ACTIVE_COMPILATION_CONDITIONS = DEBUG;
				SWIFT_OPTIMIZATION_LEVEL = "-Onone";
			};
			name = Debug;
		};
		F53AFFB728AF5F1600B5AE62 /* Release */ = {
			isa = XCBuildConfiguration;
			buildSettings = {
				ALWAYS_SEARCH_USER_PATHS = NO;
				CLANG_ANALYZER_NONNULL = YES;
				CLANG_ANALYZER_NUMBER_OBJECT_CONVERSION = YES_AGGRESSIVE;
				CLANG_CXX_LANGUAGE_STANDARD = "gnu++17";
				CLANG_ENABLE_MODULES = YES;
				CLANG_ENABLE_OBJC_ARC = YES;
				CLANG_ENABLE_OBJC_WEAK = YES;
				CLANG_WARN_BLOCK_CAPTURE_AUTORELEASING = YES;
				CLANG_WARN_BOOL_CONVERSION = YES;
				CLANG_WARN_COMMA = YES;
				CLANG_WARN_CONSTANT_CONVERSION = YES;
				CLANG_WARN_DEPRECATED_OBJC_IMPLEMENTATIONS = YES;
				CLANG_WARN_DIRECT_OBJC_ISA_USAGE = YES_ERROR;
				CLANG_WARN_DOCUMENTATION_COMMENTS = YES;
				CLANG_WARN_EMPTY_BODY = YES;
				CLANG_WARN_ENUM_CONVERSION = YES;
				CLANG_WARN_INFINITE_RECURSION = YES;
				CLANG_WARN_INT_CONVERSION = YES;
				CLANG_WARN_NON_LITERAL_NULL_CONVERSION = YES;
				CLANG_WARN_OBJC_IMPLICIT_RETAIN_SELF = YES;
				CLANG_WARN_OBJC_LITERAL_CONVERSION = YES;
				CLANG_WARN_OBJC_ROOT_CLASS = YES_ERROR;
				CLANG_WARN_QUOTED_INCLUDE_IN_FRAMEWORK_HEADER = YES;
				CLANG_WARN_RANGE_LOOP_ANALYSIS = YES;
				CLANG_WARN_STRICT_PROTOTYPES = YES;
				CLANG_WARN_SUSPICIOUS_MOVE = YES;
				CLANG_WARN_UNGUARDED_AVAILABILITY = YES_AGGRESSIVE;
				CLANG_WARN_UNREACHABLE_CODE = YES;
				CLANG_WARN__DUPLICATE_METHOD_MATCH = YES;
				COPY_PHASE_STRIP = NO;
				DEBUG_INFORMATION_FORMAT = "dwarf-with-dsym";
				ENABLE_NS_ASSERTIONS = NO;
				ENABLE_STRICT_OBJC_MSGSEND = YES;
				GCC_C_LANGUAGE_STANDARD = gnu11;
				GCC_NO_COMMON_BLOCKS = YES;
				GCC_WARN_64_TO_32_BIT_CONVERSION = YES;
				GCC_WARN_ABOUT_RETURN_TYPE = YES_ERROR;
				GCC_WARN_UNDECLARED_SELECTOR = YES;
				GCC_WARN_UNINITIALIZED_AUTOS = YES_AGGRESSIVE;
				GCC_WARN_UNUSED_FUNCTION = YES;
				GCC_WARN_UNUSED_VARIABLE = YES;
				IPHONEOS_DEPLOYMENT_TARGET = 15.5;
				MTL_ENABLE_DEBUG_INFO = NO;
				MTL_FAST_MATH = YES;
				SDKROOT = iphoneos;
				SWIFT_COMPILATION_MODE = wholemodule;
				SWIFT_OPTIMIZATION_LEVEL = "-O";
				VALIDATE_PRODUCT = YES;
			};
			name = Release;
		};
		F53AFFB928AF5F1600B5AE62 /* Debug */ = {
			isa = XCBuildConfiguration;
			buildSettings = {
				ASSETCATALOG_COMPILER_APPICON_NAME = AppIcon;
				ASSETCATALOG_COMPILER_GLOBAL_ACCENT_COLOR_NAME = AccentColor;
				CODE_SIGN_STYLE = Automatic;
				CURRENT_PROJECT_VERSION = 1;
				GENERATE_INFOPLIST_FILE = YES;
				INFOPLIST_FILE = GsyGitPullRequestProject/Info.plist;
				INFOPLIST_KEY_UIApplicationSupportsIndirectInputEvents = YES;
				INFOPLIST_KEY_UILaunchStoryboardName = LaunchScreen;
				INFOPLIST_KEY_UIMainStoryboardFile = Main;
				INFOPLIST_KEY_UISupportedInterfaceOrientations_iPad = "UIInterfaceOrientationPortrait UIInterfaceOrientationPortraitUpsideDown UIInterfaceOrientationLandscapeLeft UIInterfaceOrientationLandscapeRight";
				INFOPLIST_KEY_UISupportedInterfaceOrientations_iPhone = "UIInterfaceOrientationPortrait UIInterfaceOrientationLandscapeLeft UIInterfaceOrientationLandscapeRight";
				LD_RUNPATH_SEARCH_PATHS = (
					"$(inherited)",
					"@executable_path/Frameworks",
				);
				MARKETING_VERSION = 1.0;
				PRODUCT_BUNDLE_IDENTIFIER = test003.GsyGitPullRequestProject;
				PRODUCT_NAME = "$(TARGET_NAME)";
				SWIFT_EMIT_LOC_STRINGS = YES;
				SWIFT_VERSION = 5.0;
				TARGETED_DEVICE_FAMILY = "1,2";
			};
			name = Debug;
		};
		F53AFFBA28AF5F1600B5AE62 /* Release */ = {
			isa = XCBuildConfiguration;
			buildSettings = {
				ASSETCATALOG_COMPILER_APPICON_NAME = AppIcon;
				ASSETCATALOG_COMPILER_GLOBAL_ACCENT_COLOR_NAME = AccentColor;
				CODE_SIGN_STYLE = Automatic;
				CURRENT_PROJECT_VERSION = 1;
				GENERATE_INFOPLIST_FILE = YES;
				INFOPLIST_FILE = GsyGitPullRequestProject/Info.plist;
				INFOPLIST_KEY_UIApplicationSupportsIndirectInputEvents = YES;
				INFOPLIST_KEY_UILaunchStoryboardName = LaunchScreen;
				INFOPLIST_KEY_UIMainStoryboardFile = Main;
				INFOPLIST_KEY_UISupportedInterfaceOrientations_iPad = "UIInterfaceOrientationPortrait UIInterfaceOrientationPortraitUpsideDown UIInterfaceOrientationLandscapeLeft UIInterfaceOrientationLandscapeRight";
				INFOPLIST_KEY_UISupportedInterfaceOrientations_iPhone = "UIInterfaceOrientationPortrait UIInterfaceOrientationLandscapeLeft UIInterfaceOrientationLandscapeRight";
				LD_RUNPATH_SEARCH_PATHS = (
					"$(inherited)",
					"@executable_path/Frameworks",
				);
				MARKETING_VERSION = 1.0;
				PRODUCT_BUNDLE_IDENTIFIER = test003.GsyGitPullRequestProject;
				PRODUCT_NAME = "$(TARGET_NAME)";
				SWIFT_EMIT_LOC_STRINGS = YES;
				SWIFT_VERSION = 5.0;
				TARGETED_DEVICE_FAMILY = "1,2";
			};
			name = Release;
		};
		F53AFFBC28AF5F1600B5AE62 /* Debug */ = {
			isa = XCBuildConfiguration;
			buildSettings = {
				ALWAYS_EMBED_SWIFT_STANDARD_LIBRARIES = YES;
				BUNDLE_LOADER = "$(TEST_HOST)";
				CODE_SIGN_STYLE = Automatic;
				CURRENT_PROJECT_VERSION = 1;
				GENERATE_INFOPLIST_FILE = YES;
				IPHONEOS_DEPLOYMENT_TARGET = 15.5;
				MARKETING_VERSION = 1.0;
				PRODUCT_BUNDLE_IDENTIFIER = test003.GsyGitPullRequestProjectTests;
				PRODUCT_NAME = "$(TARGET_NAME)";
				SWIFT_EMIT_LOC_STRINGS = NO;
				SWIFT_VERSION = 5.0;
				TARGETED_DEVICE_FAMILY = "1,2";
				TEST_HOST = "$(BUILT_PRODUCTS_DIR)/GsyGitPullRequestProject.app/GsyGitPullRequestProject";
			};
			name = Debug;
		};
		F53AFFBD28AF5F1600B5AE62 /* Release */ = {
			isa = XCBuildConfiguration;
			buildSettings = {
				ALWAYS_EMBED_SWIFT_STANDARD_LIBRARIES = YES;
				BUNDLE_LOADER = "$(TEST_HOST)";
				CODE_SIGN_STYLE = Automatic;
				CURRENT_PROJECT_VERSION = 1;
				GENERATE_INFOPLIST_FILE = YES;
				IPHONEOS_DEPLOYMENT_TARGET = 15.5;
				MARKETING_VERSION = 1.0;
				PRODUCT_BUNDLE_IDENTIFIER = test003.GsyGitPullRequestProjectTests;
				PRODUCT_NAME = "$(TARGET_NAME)";
				SWIFT_EMIT_LOC_STRINGS = NO;
				SWIFT_VERSION = 5.0;
				TARGETED_DEVICE_FAMILY = "1,2";
				TEST_HOST = "$(BUILT_PRODUCTS_DIR)/GsyGitPullRequestProject.app/GsyGitPullRequestProject";
			};
			name = Release;
		};
		F53AFFBF28AF5F1600B5AE62 /* Debug */ = {
			isa = XCBuildConfiguration;
			buildSettings = {
				ALWAYS_EMBED_SWIFT_STANDARD_LIBRARIES = YES;
				CODE_SIGN_STYLE = Automatic;
				CURRENT_PROJECT_VERSION = 1;
				GENERATE_INFOPLIST_FILE = YES;
				MARKETING_VERSION = 1.0;
				PRODUCT_BUNDLE_IDENTIFIER = test003.GsyGitPullRequestProjectUITests;
				PRODUCT_NAME = "$(TARGET_NAME)";
				SWIFT_EMIT_LOC_STRINGS = NO;
				SWIFT_VERSION = 5.0;
				TARGETED_DEVICE_FAMILY = "1,2";
				TEST_TARGET_NAME = GsyGitPullRequestProject;
			};
			name = Debug;
		};
		F53AFFC028AF5F1600B5AE62 /* Release */ = {
			isa = XCBuildConfiguration;
			buildSettings = {
				ALWAYS_EMBED_SWIFT_STANDARD_LIBRARIES = YES;
				CODE_SIGN_STYLE = Automatic;
				CURRENT_PROJECT_VERSION = 1;
				GENERATE_INFOPLIST_FILE = YES;
				MARKETING_VERSION = 1.0;
				PRODUCT_BUNDLE_IDENTIFIER = test003.GsyGitPullRequestProjectUITests;
				PRODUCT_NAME = "$(TARGET_NAME)";
				SWIFT_EMIT_LOC_STRINGS = NO;
				SWIFT_VERSION = 5.0;
				TARGETED_DEVICE_FAMILY = "1,2";
				TEST_TARGET_NAME = GsyGitPullRequestProject;
			};
			name = Release;
		};
/* End XCBuildConfiguration section */

/* Begin XCConfigurationList section */
		F53AFF8928AF5F1500B5AE62 /* Build configuration list for PBXProject "GsyGitPullRequestProject" */ = {
			isa = XCConfigurationList;
			buildConfigurations = (
				F53AFFB628AF5F1600B5AE62 /* Debug */,
				F53AFFB728AF5F1600B5AE62 /* Release */,
			);
			defaultConfigurationIsVisible = 0;
			defaultConfigurationName = Release;
		};
		F53AFFB828AF5F1600B5AE62 /* Build configuration list for PBXNativeTarget "GsyGitPullRequestProject" */ = {
			isa = XCConfigurationList;
			buildConfigurations = (
				F53AFFB928AF5F1600B5AE62 /* Debug */,
				F53AFFBA28AF5F1600B5AE62 /* Release */,
			);
			defaultConfigurationIsVisible = 0;
			defaultConfigurationName = Release;
		};
		F53AFFBB28AF5F1600B5AE62 /* Build configuration list for PBXNativeTarget "GsyGitPullRequestProjectTests" */ = {
			isa = XCConfigurationList;
			buildConfigurations = (
				F53AFFBC28AF5F1600B5AE62 /* Debug */,
				F53AFFBD28AF5F1600B5AE62 /* Release */,
			);
			defaultConfigurationIsVisible = 0;
			defaultConfigurationName = Release;
		};
		F53AFFBE28AF5F1600B5AE62 /* Build configuration list for PBXNativeTarget "GsyGitPullRequestProjectUITests" */ = {
			isa = XCConfigurationList;
			buildConfigurations = (
				F53AFFBF28AF5F1600B5AE62 /* Debug */,
				F53AFFC028AF5F1600B5AE62 /* Release */,
			);
			defaultConfigurationIsVisible = 0;
			defaultConfigurationName = Release;
		};
/* End XCConfigurationList section */
	};
	rootObject = F53AFF8628AF5F1500B5AE62 /* Project object */;
}
